
Microsoft Visual Studio Solution File, Format Version 12.00
# Visual Studio Version 16
VisualStudioVersion = 16.0.32929.386
MinimumVisualStudioVersion = 10.0.40219.1
Project("{9A19103F-16F7-4668-BE54-9A1E7A4F7556}") = "TravelsalWebApplication", "TravelsalWebApplication\TravelsalWebApplication.csproj", "{C9602D1B-2E3A-4FB3-A096-E3F65BDF7368}"
EndProject
Project("{9A19103F-16F7-4668-BE54-9A1E7A4F7556}") = "EntityLayer", "EntityLayer\EntityLayer.csproj", "{D74F53CD-2CE1-45A0-AD21-047BDB0383EC}"
EndProject
Project("{9A19103F-16F7-4668-BE54-9A1E7A4F7556}") = "DataAccessLayer", "DataAccessLayer\DataAccessLayer.csproj", "{FDE80C95-9C89-4280-B1AC-7754A15B2E89}"
EndProject
Project("{9A19103F-16F7-4668-BE54-9A1E7A4F7556}") = "BusinessLayer", "BusinessLayer\BusinessLayer.csproj", "{669F808F-0204-40F9-8F83-04D25E81BEAD}"
EndProject
Project("{FAE04EC0-301F-11D3-BF4B-00C04F79EFBC}") = "DTOLaye", "DTOLaye\DTOLaye.csproj", "{771C41B5-6575-4F98-A915-E34DF6D82DC7}"
EndProject
Global
	GlobalSection(SolutionConfigurationPlatforms) = preSolution
		Debug|Any CPU = Debug|Any CPU
		Release|Any CPU = Release|Any CPU
	EndGlobalSection
	GlobalSection(ProjectConfigurationPlatforms) = postSolution
		{C9602D1B-2E3A-4FB3-A096-E3F65BDF7368}.Debug|Any CPU.ActiveCfg = Debug|Any CPU
		{C9602D1B-2E3A-4FB3-A096-E3F65BDF7368}.Debug|Any CPU.Build.0 = Debug|Any CPU
		{C9602D1B-2E3A-4FB3-A096-E3F65BDF7368}.Release|Any CPU.ActiveCfg = Release|Any CPU
		{C9602D1B-2E3A-4FB3-A096-E3F65BDF7368}.Release|Any CPU.Build.0 = Release|Any CPU
		{D74F53CD-2CE1-45A0-AD21-047BDB0383EC}.Debug|Any CPU.ActiveCfg = Debug|Any CPU
		{D74F53CD-2CE1-45A0-AD21-047BDB0383EC}.Debug|Any CPU.Build.0 = Debug|Any CPU
		{D74F53CD-2CE1-45A0-AD21-047BDB0383EC}.Release|Any CPU.ActiveCfg = Release|Any CPU
		{D74F53CD-2CE1-45A0-AD21-047BDB0383EC}.Release|Any CPU.Build.0 = Release|Any CPU
		{FDE80C95-9C89-4280-B1AC-7754A15B2E89}.Debug|Any CPU.ActiveCfg = Debug|Any CPU
		{FDE80C95-9C89-4280-B1AC-7754A15B2E89}.Debug|Any CPU.Build.0 = Debug|Any CPU
		{FDE80C95-9C89-4280-B1AC-7754A15B2E89}.Release|Any CPU.ActiveCfg = Release|Any CPU
		{FDE80C95-9C89-4280-B1AC-7754A15B2E89}.Release|Any CPU.Build.0 = Release|Any CPU
		{669F808F-0204-40F9-8F83-04D25E81BEAD}.Debug|Any CPU.ActiveCfg = Debug|Any CPU
		{669F808F-0204-40F9-8F83-04D25E81BEAD}.Debug|Any CPU.Build.0 = Debug|Any CPU
		{669F808F-0204-40F9-8F83-04D25E81BEAD}.Release|Any CPU.ActiveCfg = Release|Any CPU
		{669F808F-0204-40F9-8F83-04D25E81BEAD}.Release|Any CPU.Build.0 = Release|Any CPU
		{771C41B5-6575-4F98-A915-E34DF6D82DC7}.Debug|Any CPU.ActiveCfg = Debug|Any CPU
		{771C41B5-6575-4F98-A915-E34DF6D82DC7}.Debug|Any CPU.Build.0 = Debug|Any CPU
		{771C41B5-6575-4F98-A915-E34DF6D82DC7}.Release|Any CPU.ActiveCfg = Release|Any CPU
		{771C41B5-6575-4F98-A915-E34DF6D82DC7}.Release|Any CPU.Build.0 = Release|Any CPU
	EndGlobalSection
	GlobalSection(SolutionProperties) = preSolution
		HideSolutionNode = FALSE
	EndGlobalSection
	GlobalSection(ExtensibilityGlobals) = postSolution
		SolutionGuid = {40772DB9-EB4A-4AF7-8B5A-223AF3016AC1}
	EndGlobalSection
EndGlobal
